
Microsoft Visual Studio Solution File, Format Version 12.00
# Visual Studio Version 16
VisualStudioVersion = 16.0.29926.136
MinimumVisualStudioVersion = 10.0.40219.1
Project("{FAE04EC0-301F-11D3-BF4B-00C04F79EFBC}") = "WebApplication", "WebApplication\WebApplication.csproj", "{2190E295-433D-4400-BEDA-2C327D122C89}"
EndProject
Global
	GlobalSection(SolutionConfigurationPlatforms) = preSolution
		Debug|Any CPU = Debug|Any CPU
		Release|Any CPU = Release|Any CPU
	EndGlobalSection
	GlobalSection(ProjectConfigurationPlatforms) = postSolution
		{2190E295-433D-4400-BEDA-2C327D122C89}.Debug|Any CPU.ActiveCfg = Debug|Any CPU
		{2190E295-433D-4400-BEDA-2C327D122C89}.Debug|Any CPU.Build.0 = Debug|Any CPU
		{2190E295-433D-4400-BEDA-2C327D122C89}.Release|Any CPU.ActiveCfg = Release|Any CPU
		{2190E295-433D-4400-BEDA-2C327D122C89}.Release|Any CPU.Build.0 = Release|Any CPU
	EndGlobalSection
	GlobalSection(SolutionProperties) = preSolution
		HideSolutionNode = FALSE
	EndGlobalSection
	GlobalSection(ExtensibilityGlobals) = postSolution
		SolutionGuid = {54726C31-56D8-43B3-9279-C5D2BF99C52F}
	EndGlobalSection
EndGlobal
